
Microsoft Visual Studio Solution File, Format Version 12.00
Project("{2150E333-8FDC-42A3-9474-1A3956D46DE8}") = "src", "src", "{4A753B25-1E7A-4820-8941-B851F0AADB43}"
EndProject
Project("{FAE04EC0-301F-11D3-BF4B-00C04F79EFBC}") = "PriceRadar.Domain", "src\PriceRadar.Domain\PriceRadar.Domain.csproj", "{6ACDCC61-2587-4981-B3BB-FEDAE5EFA0EF}"
EndProject
Project("{FAE04EC0-301F-11D3-BF4B-00C04F79EFBC}") = "PriceRadar.Application", "src\PriceRadar.Application\PriceRadar.Application.csproj", "{13934F7C-5DA7-4136-9D8E-AC5E7D5E8C6B}"
EndProject
Project("{FAE04EC0-301F-11D3-BF4B-00C04F79EFBC}") = "PriceRadar.Infrastructure", "src\PriceRadar.Infrastructure\PriceRadar.Infrastructure.csproj", "{3C59FCC5-DF1E-4EA7-B2F4-C0524FD73D41}"
EndProject
Project("{FAE04EC0-301F-11D3-BF4B-00C04F79EFBC}") = "PriceRadar.Api", "src\PriceRadar.Api\PriceRadar.Api.csproj", "{031A960F-8CC7-4B55-B9E9-7B0EA481A90B}"
EndProject
Project("{FAE04EC0-301F-11D3-BF4B-00C04F79EFBC}") = "PriceRadar.Parsers", "src\PriceRadar.Parsers\PriceRadar.Parsers.csproj", "{F3CEEC61-8BF9-45C8-952A-EC797B0ACD3B}"
EndProject
Global
	GlobalSection(SolutionConfigurationPlatforms) = preSolution
		Debug|Any CPU = Debug|Any CPU
		Release|Any CPU = Release|Any CPU
	EndGlobalSection
	GlobalSection(NestedProjects) = preSolution
		{6ACDCC61-2587-4981-B3BB-FEDAE5EFA0EF} = {4A753B25-1E7A-4820-8941-B851F0AADB43}
		{13934F7C-5DA7-4136-9D8E-AC5E7D5E8C6B} = {4A753B25-1E7A-4820-8941-B851F0AADB43}
		{3C59FCC5-DF1E-4EA7-B2F4-C0524FD73D41} = {4A753B25-1E7A-4820-8941-B851F0AADB43}
		{031A960F-8CC7-4B55-B9E9-7B0EA481A90B} = {4A753B25-1E7A-4820-8941-B851F0AADB43}
		{F3CEEC61-8BF9-45C8-952A-EC797B0ACD3B} = {4A753B25-1E7A-4820-8941-B851F0AADB43}
	EndGlobalSection
	GlobalSection(ProjectConfigurationPlatforms) = postSolution
		{6ACDCC61-2587-4981-B3BB-FEDAE5EFA0EF}.Debug|Any CPU.ActiveCfg = Debug|Any CPU
		{6ACDCC61-2587-4981-B3BB-FEDAE5EFA0EF}.Debug|Any CPU.Build.0 = Debug|Any CPU
		{6ACDCC61-2587-4981-B3BB-FEDAE5EFA0EF}.Release|Any CPU.ActiveCfg = Release|Any CPU
		{6ACDCC61-2587-4981-B3BB-FEDAE5EFA0EF}.Release|Any CPU.Build.0 = Release|Any CPU
		{13934F7C-5DA7-4136-9D8E-AC5E7D5E8C6B}.Debug|Any CPU.ActiveCfg = Debug|Any CPU
		{13934F7C-5DA7-4136-9D8E-AC5E7D5E8C6B}.Debug|Any CPU.Build.0 = Debug|Any CPU
		{13934F7C-5DA7-4136-9D8E-AC5E7D5E8C6B}.Release|Any CPU.ActiveCfg = Release|Any CPU
		{13934F7C-5DA7-4136-9D8E-AC5E7D5E8C6B}.Release|Any CPU.Build.0 = Release|Any CPU
		{3C59FCC5-DF1E-4EA7-B2F4-C0524FD73D41}.Debug|Any CPU.ActiveCfg = Debug|Any CPU
		{3C59FCC5-DF1E-4EA7-B2F4-C0524FD73D41}.Debug|Any CPU.Build.0 = Debug|Any CPU
		{3C59FCC5-DF1E-4EA7-B2F4-C0524FD73D41}.Release|Any CPU.ActiveCfg = Release|Any CPU
		{3C59FCC5-DF1E-4EA7-B2F4-C0524FD73D41}.Release|Any CPU.Build.0 = Release|Any CPU
		{031A960F-8CC7-4B55-B9E9-7B0EA481A90B}.Debug|Any CPU.ActiveCfg = Debug|Any CPU
		{031A960F-8CC7-4B55-B9E9-7B0EA481A90B}.Debug|Any CPU.Build.0 = Debug|Any CPU
		{031A960F-8CC7-4B55-B9E9-7B0EA481A90B}.Release|Any CPU.ActiveCfg = Release|Any CPU
		{031A960F-8CC7-4B55-B9E9-7B0EA481A90B}.Release|Any CPU.Build.0 = Release|Any CPU
		{F3CEEC61-8BF9-45C8-952A-EC797B0ACD3B}.Debug|Any CPU.ActiveCfg = Debug|Any CPU
		{F3CEEC61-8BF9-45C8-952A-EC797B0ACD3B}.Debug|Any CPU.Build.0 = Debug|Any CPU
		{F3CEEC61-8BF9-45C8-952A-EC797B0ACD3B}.Release|Any CPU.ActiveCfg = Release|Any CPU
		{F3CEEC61-8BF9-45C8-952A-EC797B0ACD3B}.Release|Any CPU.Build.0 = Release|Any CPU
	EndGlobalSection
EndGlobal
